// !$*UTF8*$!
{
	archiveVersion = 1;
	classes = {
	};
	objectVersion = 56;
	objects = {

/* Begin PBXBuildFile section */
		ECDC57322ABCA986006EF076 /* AppDelegate.swift in Sources */ = {isa = PBXBuildFile; fileRef = ECDC57312ABCA986006EF076 /* AppDelegate.swift */; };
		ECDC57342ABCA986006EF076 /* SceneDelegate.swift in Sources */ = {isa = PBXBuildFile; fileRef = ECDC57332ABCA986006EF076 /* SceneDelegate.swift */; };
		ECDC573B2ABCA988006EF076 /* Assets.xcassets in Resources */ = {isa = PBXBuildFile; fileRef = ECDC573A2ABCA988006EF076 /* Assets.xcassets */; };
		ECDC573E2ABCA988006EF076 /* LaunchScreen.storyboard in Resources */ = {isa = PBXBuildFile; fileRef = ECDC573C2ABCA988006EF076 /* LaunchScreen.storyboard */; };
		ECDC574D2ABCAA8A006EF076 /* LocationManager.swift in Sources */ = {isa = PBXBuildFile; fileRef = ECDC574C2ABCAA8A006EF076 /* LocationManager.swift */; };
		ECDC574F2ABCC9C4006EF076 /* WeatherViewController.swift in Sources */ = {isa = PBXBuildFile; fileRef = ECDC574E2ABCC9C4006EF076 /* WeatherViewController.swift */; };
		ECDC57522ABCC9E7006EF076 /* SnapKit in Frameworks */ = {isa = PBXBuildFile; productRef = ECDC57512ABCC9E7006EF076 /* SnapKit */; };
		ECDC57542ABCCCEA006EF076 /* SettingsViewController.swift in Sources */ = {isa = PBXBuildFile; fileRef = ECDC57532ABCCCEA006EF076 /* SettingsViewController.swift */; };
		ECDC57562ABCCCFF006EF076 /* TabViewController.swift in Sources */ = {isa = PBXBuildFile; fileRef = ECDC57552ABCCCFF006EF076 /* TabViewController.swift */; };
		ECDC57582ABCCD35006EF076 /* CurrentWeatherView.swift in Sources */ = {isa = PBXBuildFile; fileRef = ECDC57572ABCCD35006EF076 /* CurrentWeatherView.swift */; };
		ECDC575A2ABCCD4A006EF076 /* SettingsView.swift in Sources */ = {isa = PBXBuildFile; fileRef = ECDC57592ABCCD4A006EF076 /* SettingsView.swift */; };
		ECDC575C2ABCCD7F006EF076 /* IAPManager.swift in Sources */ = {isa = PBXBuildFile; fileRef = ECDC575B2ABCCD7F006EF076 /* IAPManager.swift */; };
		ECDC575E2ABCCD91006EF076 /* WeatherManager.swift in Sources */ = {isa = PBXBuildFile; fileRef = ECDC575D2ABCCD91006EF076 /* WeatherManager.swift */; };
		ECDC57602ABDDFD6006EF076 /* SetttingsViewViewModel.swift in Sources */ = {isa = PBXBuildFile; fileRef = ECDC575F2ABDDFD6006EF076 /* SetttingsViewViewModel.swift */; };
		ECDC576F2ABF7B43006EF076 /* CurrentWeatherSection.swift in Sources */ = {isa = PBXBuildFile; fileRef = ECDC576E2ABF7B43006EF076 /* CurrentWeatherSection.swift */; };
		ECDC57722AC015E3006EF076 /* CurrentWeatherCollectionViewCell.swift in Sources */ = {isa = PBXBuildFile; fileRef = ECDC57712AC015E3006EF076 /* CurrentWeatherCollectionViewCell.swift */; };
		ECDC57742AC0163F006EF076 /* HourlyWeatherCollectionViewCell.swift in Sources */ = {isa = PBXBuildFile; fileRef = ECDC57732AC0163F006EF076 /* HourlyWeatherCollectionViewCell.swift */; };
		ECDC57762AC01688006EF076 /* DailyWeatherCollectionViewCell.swift in Sources */ = {isa = PBXBuildFile; fileRef = ECDC57752AC01688006EF076 /* DailyWeatherCollectionViewCell.swift */; };
/* End PBXBuildFile section */

/* Begin PBXContainerItemProxy section */
		ECDC57692ABE035F006EF076 /* PBXContainerItemProxy */ = {
			isa = PBXContainerItemProxy;
			containerPortal = ECDC57262ABCA985006EF076 /* Project object */;
			proxyType = 1;
			remoteGlobalIDString = ECDC572D2ABCA986006EF076;
			remoteInfo = SkyInfo;
		};
/* End PBXContainerItemProxy section */

/* Begin PBXFileReference section */
		ECDC572E2ABCA986006EF076 /* SkyInfo.app */ = {isa = PBXFileReference; explicitFileType = wrapper.application; includeInIndex = 0; path = SkyInfo.app; sourceTree = BUILT_PRODUCTS_DIR; };
		ECDC57312ABCA986006EF076 /* AppDelegate.swift */ = {isa = PBXFileReference; lastKnownFileType = sourcecode.swift; path = AppDelegate.swift; sourceTree = "<group>"; };
		ECDC57332ABCA986006EF076 /* SceneDelegate.swift */ = {isa = PBXFileReference; lastKnownFileType = sourcecode.swift; path = SceneDelegate.swift; sourceTree = "<group>"; };
		ECDC573A2ABCA988006EF076 /* Assets.xcassets */ = {isa = PBXFileReference; lastKnownFileType = folder.assetcatalog; path = Assets.xcassets; sourceTree = "<group>"; };
		ECDC573D2ABCA988006EF076 /* Base */ = {isa = PBXFileReference; lastKnownFileType = file.storyboard; name = Base; path = Base.lproj/LaunchScreen.storyboard; sourceTree = "<group>"; };
		ECDC573F2ABCA988006EF076 /* Info.plist */ = {isa = PBXFileReference; lastKnownFileType = text.plist.xml; path = Info.plist; sourceTree = "<group>"; };
		ECDC574C2ABCAA8A006EF076 /* LocationManager.swift */ = {isa = PBXFileReference; lastKnownFileType = sourcecode.swift; path = LocationManager.swift; sourceTree = "<group>"; };
		ECDC574E2ABCC9C4006EF076 /* WeatherViewController.swift */ = {isa = PBXFileReference; lastKnownFileType = sourcecode.swift; path = WeatherViewController.swift; sourceTree = "<group>"; };
		ECDC57532ABCCCEA006EF076 /* SettingsViewController.swift */ = {isa = PBXFileReference; lastKnownFileType = sourcecode.swift; path = SettingsViewController.swift; sourceTree = "<group>"; };
		ECDC57552ABCCCFF006EF076 /* TabViewController.swift */ = {isa = PBXFileReference; lastKnownFileType = sourcecode.swift; path = TabViewController.swift; sourceTree = "<group>"; };
		ECDC57572ABCCD35006EF076 /* CurrentWeatherView.swift */ = {isa = PBXFileReference; lastKnownFileType = sourcecode.swift; path = CurrentWeatherView.swift; sourceTree = "<group>"; };
		ECDC57592ABCCD4A006EF076 /* SettingsView.swift */ = {isa = PBXFileReference; lastKnownFileType = sourcecode.swift; path = SettingsView.swift; sourceTree = "<group>"; };
		ECDC575B2ABCCD7F006EF076 /* IAPManager.swift */ = {isa = PBXFileReference; lastKnownFileType = sourcecode.swift; path = IAPManager.swift; sourceTree = "<group>"; };
		ECDC575D2ABCCD91006EF076 /* WeatherManager.swift */ = {isa = PBXFileReference; lastKnownFileType = sourcecode.swift; path = WeatherManager.swift; sourceTree = "<group>"; };
		ECDC575F2ABDDFD6006EF076 /* SetttingsViewViewModel.swift */ = {isa = PBXFileReference; lastKnownFileType = sourcecode.swift; path = SetttingsViewViewModel.swift; sourceTree = "<group>"; };
		ECDC57652ABE035F006EF076 /* SkyInfoTests.xctest */ = {isa = PBXFileReference; explicitFileType = wrapper.cfbundle; includeInIndex = 0; path = SkyInfoTests.xctest; sourceTree = BUILT_PRODUCTS_DIR; };
		ECDC576E2ABF7B43006EF076 /* CurrentWeatherSection.swift */ = {isa = PBXFileReference; lastKnownFileType = sourcecode.swift; path = CurrentWeatherSection.swift; sourceTree = "<group>"; };
		ECDC57712AC015E3006EF076 /* CurrentWeatherCollectionViewCell.swift */ = {isa = PBXFileReference; lastKnownFileType = sourcecode.swift; path = CurrentWeatherCollectionViewCell.swift; sourceTree = "<group>"; };
		ECDC57732AC0163F006EF076 /* HourlyWeatherCollectionViewCell.swift */ = {isa = PBXFileReference; lastKnownFileType = sourcecode.swift; path = HourlyWeatherCollectionViewCell.swift; sourceTree = "<group>"; };
		ECDC57752AC01688006EF076 /* DailyWeatherCollectionViewCell.swift */ = {isa = PBXFileReference; lastKnownFileType = sourcecode.swift; path = DailyWeatherCollectionViewCell.swift; sourceTree = "<group>"; };
/* End PBXFileReference section */

/* Begin PBXFrameworksBuildPhase section */
		ECDC572B2ABCA986006EF076 /* Frameworks */ = {
			isa = PBXFrameworksBuildPhase;
			buildActionMask = 2147483647;
			files = (
				ECDC57522ABCC9E7006EF076 /* SnapKit in Frameworks */,
			);
			runOnlyForDeploymentPostprocessing = 0;
		};
		ECDC57622ABE035F006EF076 /* Frameworks */ = {
			isa = PBXFrameworksBuildPhase;
			buildActionMask = 2147483647;
			files = (
			);
			runOnlyForDeploymentPostprocessing = 0;
		};
/* End PBXFrameworksBuildPhase section */

/* Begin PBXGroup section */
		ECDC57252ABCA985006EF076 = {
			isa = PBXGroup;
			children = (
				ECDC57302ABCA986006EF076 /* SkyInfo */,
				ECDC572F2ABCA986006EF076 /* Products */,
			);
			sourceTree = "<group>";
		};
		ECDC572F2ABCA986006EF076 /* Products */ = {
			isa = PBXGroup;
			children = (
				ECDC572E2ABCA986006EF076 /* SkyInfo.app */,
				ECDC57652ABE035F006EF076 /* SkyInfoTests.xctest */,
			);
			name = Products;
			sourceTree = "<group>";
		};
		ECDC57302ABCA986006EF076 /* SkyInfo */ = {
			isa = PBXGroup;
			children = (
				ECDC574A2ABCAA60006EF076 /* Support */,
				ECDC57492ABCAA57006EF076 /* Managers */,
				ECDC57482ABCAA4F006EF076 /* Controllers */,
				ECDC57472ABCAA48006EF076 /* Models */,
				ECDC57462ABCAA41006EF076 /* ViewModels */,
				ECDC57452ABCAA39006EF076 /* Views */,
				ECDC573F2ABCA988006EF076 /* Info.plist */,
			);
			path = SkyInfo;
			sourceTree = "<group>";
		};
		ECDC57452ABCAA39006EF076 /* Views */ = {
			isa = PBXGroup;
			children = (
				ECDC57702AC015BD006EF076 /* WeatherCells */,
				ECDC57572ABCCD35006EF076 /* CurrentWeatherView.swift */,
				ECDC57592ABCCD4A006EF076 /* SettingsView.swift */,
			);
			path = Views;
			sourceTree = "<group>";
		};
		ECDC57462ABCAA41006EF076 /* ViewModels */ = {
			isa = PBXGroup;
			children = (
				ECDC575F2ABDDFD6006EF076 /* SetttingsViewViewModel.swift */,
				ECDC576E2ABF7B43006EF076 /* CurrentWeatherSection.swift */,
			);
			path = ViewModels;
			sourceTree = "<group>";
		};
		ECDC57472ABCAA48006EF076 /* Models */ = {
			isa = PBXGroup;
			children = (
			);
			path = Models;
			sourceTree = "<group>";
		};
		ECDC57482ABCAA4F006EF076 /* Controllers */ = {
			isa = PBXGroup;
			children = (
				ECDC574E2ABCC9C4006EF076 /* WeatherViewController.swift */,
				ECDC57532ABCCCEA006EF076 /* SettingsViewController.swift */,
				ECDC57552ABCCCFF006EF076 /* TabViewController.swift */,
			);
			path = Controllers;
			sourceTree = "<group>";
		};
		ECDC57492ABCAA57006EF076 /* Managers */ = {
			isa = PBXGroup;
			children = (
				ECDC574C2ABCAA8A006EF076 /* LocationManager.swift */,
				ECDC575B2ABCCD7F006EF076 /* IAPManager.swift */,
				ECDC575D2ABCCD91006EF076 /* WeatherManager.swift */,
			);
			path = Managers;
			sourceTree = "<group>";
		};
		ECDC574A2ABCAA60006EF076 /* Support */ = {
			isa = PBXGroup;
			children = (
				ECDC574B2ABCAA67006EF076 /* Delegate */,
				ECDC573A2ABCA988006EF076 /* Assets.xcassets */,
				ECDC573C2ABCA988006EF076 /* LaunchScreen.storyboard */,
			);
			path = Support;
			sourceTree = "<group>";
		};
		ECDC574B2ABCAA67006EF076 /* Delegate */ = {
			isa = PBXGroup;
			children = (
				ECDC57312ABCA986006EF076 /* AppDelegate.swift */,
				ECDC57332ABCA986006EF076 /* SceneDelegate.swift */,
			);
			path = Delegate;
			sourceTree = "<group>";
		};
		ECDC57702AC015BD006EF076 /* WeatherCells */ = {
			isa = PBXGroup;
			children = (
				ECDC57712AC015E3006EF076 /* CurrentWeatherCollectionViewCell.swift */,
				ECDC57732AC0163F006EF076 /* HourlyWeatherCollectionViewCell.swift */,
				ECDC57752AC01688006EF076 /* DailyWeatherCollectionViewCell.swift */,
			);
			path = WeatherCells;
			sourceTree = "<group>";
		};
/* End PBXGroup section */

/* Begin PBXNativeTarget section */
		ECDC572D2ABCA986006EF076 /* SkyInfo */ = {
			isa = PBXNativeTarget;
			buildConfigurationList = ECDC57422ABCA988006EF076 /* Build configuration list for PBXNativeTarget "SkyInfo" */;
			buildPhases = (
				ECDC572A2ABCA986006EF076 /* Sources */,
				ECDC572B2ABCA986006EF076 /* Frameworks */,
				ECDC572C2ABCA986006EF076 /* Resources */,
			);
			buildRules = (
			);
			dependencies = (
			);
			name = SkyInfo;
			packageProductDependencies = (
				ECDC57512ABCC9E7006EF076 /* SnapKit */,
			);
			productName = SkyInfo;
			productReference = ECDC572E2ABCA986006EF076 /* SkyInfo.app */;
			productType = "com.apple.product-type.application";
		};
		ECDC57642ABE035F006EF076 /* SkyInfoTests */ = {
			isa = PBXNativeTarget;
			buildConfigurationList = ECDC576B2ABE035F006EF076 /* Build configuration list for PBXNativeTarget "SkyInfoTests" */;
			buildPhases = (
				ECDC57612ABE035F006EF076 /* Sources */,
				ECDC57622ABE035F006EF076 /* Frameworks */,
				ECDC57632ABE035F006EF076 /* Resources */,
			);
			buildRules = (
			);
			dependencies = (
				ECDC576A2ABE035F006EF076 /* PBXTargetDependency */,
			);
			name = SkyInfoTests;
			productName = SkyInfoTests;
			productReference = ECDC57652ABE035F006EF076 /* SkyInfoTests.xctest */;
			productType = "com.apple.product-type.bundle.unit-test";
		};
/* End PBXNativeTarget section */

/* Begin PBXProject section */
		ECDC57262ABCA985006EF076 /* Project object */ = {
			isa = PBXProject;
			attributes = {
				BuildIndependentTargetsInParallel = 1;
				LastSwiftUpdateCheck = 1410;
				LastUpgradeCheck = 1410;
				TargetAttributes = {
					ECDC572D2ABCA986006EF076 = {
						CreatedOnToolsVersion = 14.1;
					};
					ECDC57642ABE035F006EF076 = {
						CreatedOnToolsVersion = 14.1;
						TestTargetID = ECDC572D2ABCA986006EF076;
					};
				};
			};
			buildConfigurationList = ECDC57292ABCA986006EF076 /* Build configuration list for PBXProject "SkyInfo" */;
			compatibilityVersion = "Xcode 14.0";
			developmentRegion = en;
			hasScannedForEncodings = 0;
			knownRegions = (
				en,
				Base,
			);
			mainGroup = ECDC57252ABCA985006EF076;
			packageReferences = (
				ECDC57502ABCC9E7006EF076 /* XCRemoteSwiftPackageReference "SnapKit" */,
			);
			productRefGroup = ECDC572F2ABCA986006EF076 /* Products */;
			projectDirPath = "";
			projectRoot = "";
			targets = (
				ECDC572D2ABCA986006EF076 /* SkyInfo */,
				ECDC57642ABE035F006EF076 /* SkyInfoTests */,
			);
		};
/* End PBXProject section */

/* Begin PBXResourcesBuildPhase section */
		ECDC572C2ABCA986006EF076 /* Resources */ = {
			isa = PBXResourcesBuildPhase;
			buildActionMask = 2147483647;
			files = (
				ECDC573E2ABCA988006EF076 /* LaunchScreen.storyboard in Resources */,
				ECDC573B2ABCA988006EF076 /* Assets.xcassets in Resources */,
			);
			runOnlyForDeploymentPostprocessing = 0;
		};
		ECDC57632ABE035F006EF076 /* Resources */ = {
			isa = PBXResourcesBuildPhase;
			buildActionMask = 2147483647;
			files = (
			);
			runOnlyForDeploymentPostprocessing = 0;
		};
/* End PBXResourcesBuildPhase section */

/* Begin PBXSourcesBuildPhase section */
		ECDC572A2ABCA986006EF076 /* Sources */ = {
			isa = PBXSourcesBuildPhase;
			buildActionMask = 2147483647;
			files = (
				ECDC57602ABDDFD6006EF076 /* SetttingsViewViewModel.swift in Sources */,
				ECDC575C2ABCCD7F006EF076 /* IAPManager.swift in Sources */,
				ECDC574D2ABCAA8A006EF076 /* LocationManager.swift in Sources */,
				ECDC575E2ABCCD91006EF076 /* WeatherManager.swift in Sources */,
				ECDC575A2ABCCD4A006EF076 /* SettingsView.swift in Sources */,
				ECDC574F2ABCC9C4006EF076 /* WeatherViewController.swift in Sources */,
				ECDC57322ABCA986006EF076 /* AppDelegate.swift in Sources */,
				ECDC57742AC0163F006EF076 /* HourlyWeatherCollectionViewCell.swift in Sources */,
				ECDC57342ABCA986006EF076 /* SceneDelegate.swift in Sources */,
				ECDC57582ABCCD35006EF076 /* CurrentWeatherView.swift in Sources */,
				ECDC57562ABCCCFF006EF076 /* TabViewController.swift in Sources */,
				ECDC576F2ABF7B43006EF076 /* CurrentWeatherSection.swift in Sources */,
				ECDC57542ABCCCEA006EF076 /* SettingsViewController.swift in Sources */,
				ECDC57762AC01688006EF076 /* DailyWeatherCollectionViewCell.swift in Sources */,
				ECDC57722AC015E3006EF076 /* CurrentWeatherCollectionViewCell.swift in Sources */,
			);
			runOnlyForDeploymentPostprocessing = 0;
		};
		ECDC57612ABE035F006EF076 /* Sources */ = {
			isa = PBXSourcesBuildPhase;
			buildActionMask = 2147483647;
			files = (
			);
			runOnlyForDeploymentPostprocessing = 0;
		};
/* End PBXSourcesBuildPhase section */

/* Begin PBXTargetDependency section */
		ECDC576A2ABE035F006EF076 /* PBXTargetDependency */ = {
			isa = PBXTargetDependency;
			target = ECDC572D2ABCA986006EF076 /* SkyInfo */;
			targetProxy = ECDC57692ABE035F006EF076 /* PBXContainerItemProxy */;
		};
/* End PBXTargetDependency section */

/* Begin PBXVariantGroup section */
		ECDC573C2ABCA988006EF076 /* LaunchScreen.storyboard */ = {
			isa = PBXVariantGroup;
			children = (
				ECDC573D2ABCA988006EF076 /* Base */,
			);
			name = LaunchScreen.storyboard;
			sourceTree = "<group>";
		};
/* End PBXVariantGroup section */

/* Begin XCBuildConfiguration section */
		ECDC57402ABCA988006EF076 /* Debug */ = {
			isa = XCBuildConfiguration;
			buildSettings = {
				ALWAYS_SEARCH_USER_PATHS = NO;
				CLANG_ANALYZER_NONNULL = YES;
				CLANG_ANALYZER_NUMBER_OBJECT_CONVERSION = YES_AGGRESSIVE;
				CLANG_CXX_LANGUAGE_STANDARD = "gnu++20";
				CLANG_ENABLE_MODULES = YES;
				CLANG_ENABLE_OBJC_ARC = YES;
				CLANG_ENABLE_OBJC_WEAK = YES;
				CLANG_WARN_BLOCK_CAPTURE_AUTORELEASING = YES;
				CLANG_WARN_BOOL_CONVERSION = YES;
				CLANG_WARN_COMMA = YES;
				CLANG_WARN_CONSTANT_CONVERSION = YES;
				CLANG_WARN_DEPRECATED_OBJC_IMPLEMENTATIONS = YES;
				CLANG_WARN_DIRECT_OBJC_ISA_USAGE = YES_ERROR;
				CLANG_WARN_DOCUMENTATION_COMMENTS = YES;
				CLANG_WARN_EMPTY_BODY = YES;
				CLANG_WARN_ENUM_CONVERSION = YES;
				CLANG_WARN_INFINITE_RECURSION = YES;
				CLANG_WARN_INT_CONVERSION = YES;
				CLANG_WARN_NON_LITERAL_NULL_CONVERSION = YES;
				CLANG_WARN_OBJC_IMPLICIT_RETAIN_SELF = YES;
				CLANG_WARN_OBJC_LITERAL_CONVERSION = YES;
				CLANG_WARN_OBJC_ROOT_CLASS = YES_ERROR;
				CLANG_WARN_QUOTED_INCLUDE_IN_FRAMEWORK_HEADER = YES;
				CLANG_WARN_RANGE_LOOP_ANALYSIS = YES;
				CLANG_WARN_STRICT_PROTOTYPES = YES;
				CLANG_WARN_SUSPICIOUS_MOVE = YES;
				CLANG_WARN_UNGUARDED_AVAILABILITY = YES_AGGRESSIVE;
				CLANG_WARN_UNREACHABLE_CODE = YES;
				CLANG_WARN__DUPLICATE_METHOD_MATCH = YES;
				COPY_PHASE_STRIP = NO;
				DEBUG_INFORMATION_FORMAT = dwarf;
				ENABLE_STRICT_OBJC_MSGSEND = YES;
				ENABLE_TESTABILITY = YES;
				GCC_C_LANGUAGE_STANDARD = gnu11;
				GCC_DYNAMIC_NO_PIC = NO;
				GCC_NO_COMMON_BLOCKS = YES;
				GCC_OPTIMIZATION_LEVEL = 0;
				GCC_PREPROCESSOR_DEFINITIONS = (
					"DEBUG=1",
					"$(inherited)",
				);
				GCC_WARN_64_TO_32_BIT_CONVERSION = YES;
				GCC_WARN_ABOUT_RETURN_TYPE = YES_ERROR;
				GCC_WARN_UNDECLARED_SELECTOR = YES;
				GCC_WARN_UNINITIALIZED_AUTOS = YES_AGGRESSIVE;
				GCC_WARN_UNUSED_FUNCTION = YES;
				GCC_WARN_UNUSED_VARIABLE = YES;
				IPHONEOS_DEPLOYMENT_TARGET = 16.1;
				MTL_ENABLE_DEBUG_INFO = INCLUDE_SOURCE;
				MTL_FAST_MATH = YES;
				ONLY_ACTIVE_ARCH = YES;
				SDKROOT = iphoneos;
				SWIFT_ACTIVE_COMPILATION_CONDITIONS = DEBUG;
				SWIFT_OPTIMIZATION_LEVEL = "-Onone";
			};
			name = Debug;
		};
		ECDC57412ABCA988006EF076 /* Release */ = {
			isa = XCBuildConfiguration;
			buildSettings = {
				ALWAYS_SEARCH_USER_PATHS = NO;
				CLANG_ANALYZER_NONNULL = YES;
				CLANG_ANALYZER_NUMBER_OBJECT_CONVERSION = YES_AGGRESSIVE;
				CLANG_CXX_LANGUAGE_STANDARD = "gnu++20";
				CLANG_ENABLE_MODULES = YES;
				CLANG_ENABLE_OBJC_ARC = YES;
				CLANG_ENABLE_OBJC_WEAK = YES;
				CLANG_WARN_BLOCK_CAPTURE_AUTORELEASING = YES;
				CLANG_WARN_BOOL_CONVERSION = YES;
				CLANG_WARN_COMMA = YES;
				CLANG_WARN_CONSTANT_CONVERSION = YES;
				CLANG_WARN_DEPRECATED_OBJC_IMPLEMENTATIONS = YES;
				CLANG_WARN_DIRECT_OBJC_ISA_USAGE = YES_ERROR;
				CLANG_WARN_DOCUMENTATION_COMMENTS = YES;
				CLANG_WARN_EMPTY_BODY = YES;
				CLANG_WARN_ENUM_CONVERSION = YES;
				CLANG_WARN_INFINITE_RECURSION = YES;
				CLANG_WARN_INT_CONVERSION = YES;
				CLANG_WARN_NON_LITERAL_NULL_CONVERSION = YES;
				CLANG_WARN_OBJC_IMPLICIT_RETAIN_SELF = YES;
				CLANG_WARN_OBJC_LITERAL_CONVERSION = YES;
				CLANG_WARN_OBJC_ROOT_CLASS = YES_ERROR;
				CLANG_WARN_QUOTED_INCLUDE_IN_FRAMEWORK_HEADER = YES;
				CLANG_WARN_RANGE_LOOP_ANALYSIS = YES;
				CLANG_WARN_STRICT_PROTOTYPES = YES;
				CLANG_WARN_SUSPICIOUS_MOVE = YES;
				CLANG_WARN_UNGUARDED_AVAILABILITY = YES_AGGRESSIVE;
				CLANG_WARN_UNREACHABLE_CODE = YES;
				CLANG_WARN__DUPLICATE_METHOD_MATCH = YES;
				COPY_PHASE_STRIP = NO;
				DEBUG_INFORMATION_FORMAT = "dwarf-with-dsym";
				ENABLE_NS_ASSERTIONS = NO;
				ENABLE_STRICT_OBJC_MSGSEND = YES;
				GCC_C_LANGUAGE_STANDARD = gnu11;
				GCC_NO_COMMON_BLOCKS = YES;
				GCC_WARN_64_TO_32_BIT_CONVERSION = YES;
				GCC_WARN_ABOUT_RETURN_TYPE = YES_ERROR;
				GCC_WARN_UNDECLARED_SELECTOR = YES;
				GCC_WARN_UNINITIALIZED_AUTOS = YES_AGGRESSIVE;
				GCC_WARN_UNUSED_FUNCTION = YES;
				GCC_WARN_UNUSED_VARIABLE = YES;
				IPHONEOS_DEPLOYMENT_TARGET = 16.1;
				MTL_ENABLE_DEBUG_INFO = NO;
				MTL_FAST_MATH = YES;
				SDKROOT = iphoneos;
				SWIFT_COMPILATION_MODE = wholemodule;
				SWIFT_OPTIMIZATION_LEVEL = "-O";
				VALIDATE_PRODUCT = YES;
			};
			name = Release;
		};
		ECDC57432ABCA988006EF076 /* Debug */ = {
			isa = XCBuildConfiguration;
			buildSettings = {
				ASSETCATALOG_COMPILER_APPICON_NAME = AppIcon;
				ASSETCATALOG_COMPILER_GLOBAL_ACCENT_COLOR_NAME = AccentColor;
				CODE_SIGN_STYLE = Automatic;
				CURRENT_PROJECT_VERSION = 1;
				DEVELOPMENT_TEAM = 3KRQW7JR73;
				GENERATE_INFOPLIST_FILE = YES;
				INFOPLIST_FILE = SkyInfo/Info.plist;
				INFOPLIST_KEY_UIApplicationSupportsIndirectInputEvents = YES;
				INFOPLIST_KEY_UILaunchStoryboardName = LaunchScreen;
				INFOPLIST_KEY_UIMainStoryboardFile = Main;
				INFOPLIST_KEY_UISupportedInterfaceOrientations_iPad = "UIInterfaceOrientationPortrait UIInterfaceOrientationPortraitUpsideDown UIInterfaceOrientationLandscapeLeft UIInterfaceOrientationLandscapeRight";
				INFOPLIST_KEY_UISupportedInterfaceOrientations_iPhone = "UIInterfaceOrientationPortrait UIInterfaceOrientationLandscapeLeft UIInterfaceOrientationLandscapeRight";
				LD_RUNPATH_SEARCH_PATHS = (
					"$(inherited)",
					"@executable_path/Frameworks",
				);
				MARKETING_VERSION = 1.0;
				PRODUCT_BUNDLE_IDENTIFIER = enes.SkyInfo;
				PRODUCT_NAME = "$(TARGET_NAME)";
				SWIFT_EMIT_LOC_STRINGS = YES;
				SWIFT_VERSION = 5.0;
				TARGETED_DEVICE_FAMILY = "1,2";
			};
			name = Debug;
		};
		ECDC57442ABCA988006EF076 /* Release */ = {
			isa = XCBuildConfiguration;
			buildSettings = {
				ASSETCATALOG_COMPILER_APPICON_NAME = AppIcon;
				ASSETCATALOG_COMPILER_GLOBAL_ACCENT_COLOR_NAME = AccentColor;
				CODE_SIGN_STYLE = Automatic;
				CURRENT_PROJECT_VERSION = 1;
				DEVELOPMENT_TEAM = 3KRQW7JR73;
				GENERATE_INFOPLIST_FILE = YES;
				INFOPLIST_FILE = SkyInfo/Info.plist;
				INFOPLIST_KEY_UIApplicationSupportsIndirectInputEvents = YES;
				INFOPLIST_KEY_UILaunchStoryboardName = LaunchScreen;
				INFOPLIST_KEY_UIMainStoryboardFile = Main;
				INFOPLIST_KEY_UISupportedInterfaceOrientations_iPad = "UIInterfaceOrientationPortrait UIInterfaceOrientationPortraitUpsideDown UIInterfaceOrientationLandscapeLeft UIInterfaceOrientationLandscapeRight";
				INFOPLIST_KEY_UISupportedInterfaceOrientations_iPhone = "UIInterfaceOrientationPortrait UIInterfaceOrientationLandscapeLeft UIInterfaceOrientationLandscapeRight";
				LD_RUNPATH_SEARCH_PATHS = (
					"$(inherited)",
					"@executable_path/Frameworks",
				);
				MARKETING_VERSION = 1.0;
				PRODUCT_BUNDLE_IDENTIFIER = enes.SkyInfo;
				PRODUCT_NAME = "$(TARGET_NAME)";
				SWIFT_EMIT_LOC_STRINGS = YES;
				SWIFT_VERSION = 5.0;
				TARGETED_DEVICE_FAMILY = "1,2";
			};
			name = Release;
		};
		ECDC576C2ABE035F006EF076 /* Debug */ = {
			isa = XCBuildConfiguration;
			buildSettings = {
				BUNDLE_LOADER = "$(TEST_HOST)";
				CODE_SIGN_STYLE = Automatic;
				CURRENT_PROJECT_VERSION = 1;
				DEVELOPMENT_TEAM = 3KRQW7JR73;
				GENERATE_INFOPLIST_FILE = YES;
				MARKETING_VERSION = 1.0;
				PRODUCT_BUNDLE_IDENTIFIER = enes.SkyInfoTests;
				PRODUCT_NAME = "$(TARGET_NAME)";
				SWIFT_EMIT_LOC_STRINGS = NO;
				SWIFT_VERSION = 5.0;
				TARGETED_DEVICE_FAMILY = "1,2";
				TEST_HOST = "$(BUILT_PRODUCTS_DIR)/SkyInfo.app/$(BUNDLE_EXECUTABLE_FOLDER_PATH)/SkyInfo";
			};
			name = Debug;
		};
		ECDC576D2ABE035F006EF076 /* Release */ = {
			isa = XCBuildConfiguration;
			buildSettings = {
				BUNDLE_LOADER = "$(TEST_HOST)";
				CODE_SIGN_STYLE = Automatic;
				CURRENT_PROJECT_VERSION = 1;
				DEVELOPMENT_TEAM = 3KRQW7JR73;
				GENERATE_INFOPLIST_FILE = YES;
				MARKETING_VERSION = 1.0;
				PRODUCT_BUNDLE_IDENTIFIER = enes.SkyInfoTests;
				PRODUCT_NAME = "$(TARGET_NAME)";
				SWIFT_EMIT_LOC_STRINGS = NO;
				SWIFT_VERSION = 5.0;
				TARGETED_DEVICE_FAMILY = "1,2";
				TEST_HOST = "$(BUILT_PRODUCTS_DIR)/SkyInfo.app/$(BUNDLE_EXECUTABLE_FOLDER_PATH)/SkyInfo";
			};
			name = Release;
		};
/* End XCBuildConfiguration section */

/* Begin XCConfigurationList section */
		ECDC57292ABCA986006EF076 /* Build configuration list for PBXProject "SkyInfo" */ = {
			isa = XCConfigurationList;
			buildConfigurations = (
				ECDC57402ABCA988006EF076 /* Debug */,
				ECDC57412ABCA988006EF076 /* Release */,
			);
			defaultConfigurationIsVisible = 0;
			defaultConfigurationName = Release;
		};
		ECDC57422ABCA988006EF076 /* Build configuration list for PBXNativeTarget "SkyInfo" */ = {
			isa = XCConfigurationList;
			buildConfigurations = (
				ECDC57432ABCA988006EF076 /* Debug */,
				ECDC57442ABCA988006EF076 /* Release */,
			);
			defaultConfigurationIsVisible = 0;
			defaultConfigurationName = Release;
		};
		ECDC576B2ABE035F006EF076 /* Build configuration list for PBXNativeTarget "SkyInfoTests" */ = {
			isa = XCConfigurationList;
			buildConfigurations = (
				ECDC576C2ABE035F006EF076 /* Debug */,
				ECDC576D2ABE035F006EF076 /* Release */,
			);
			defaultConfigurationIsVisible = 0;
			defaultConfigurationName = Release;
		};
/* End XCConfigurationList section */

/* Begin XCRemoteSwiftPackageReference section */
		ECDC57502ABCC9E7006EF076 /* XCRemoteSwiftPackageReference "SnapKit" */ = {
			isa = XCRemoteSwiftPackageReference;
			repositoryURL = "https://github.com/SnapKit/SnapKit.git";
			requirement = {
				kind = upToNextMinorVersion;
				minimumVersion = 5.6.0;
			};
		};
/* End XCRemoteSwiftPackageReference section */

/* Begin XCSwiftPackageProductDependency section */
		ECDC57512ABCC9E7006EF076 /* SnapKit */ = {
			isa = XCSwiftPackageProductDependency;
			package = ECDC57502ABCC9E7006EF076 /* XCRemoteSwiftPackageReference "SnapKit" */;
			productName = SnapKit;
		};
/* End XCSwiftPackageProductDependency section */
	};
	rootObject = ECDC57262ABCA985006EF076 /* Project object */;
}
